// !$*UTF8*$!
{
	archiveVersion = 1;
	classes = {
	};
	objectVersion = 77;
	objects = {

/* Begin PBXBuildFile section */
		32852FEADF534EDD8FAD0F1E /* Todo.swift in Sources */ = {isa = PBXBuildFile; fileRef = 25622F7963830391556099A2 /* Todo.swift */; };
		48424FEF30F4F42A188E49B4 /* project.yml in Resources */ = {isa = PBXBuildFile; fileRef = 776C50F9BCFA6AC87A8BD324 /* project.yml */; };
		501B0995E679DCE7D830590D /* TodoListApp.swift in Sources */ = {isa = PBXBuildFile; fileRef = 7A4630E44EC8B63A3D2177F6 /* TodoListApp.swift */; };
		68435112D8EEF8EFE7162BDE /* TodoListViewModel.swift in Sources */ = {isa = PBXBuildFile; fileRef = 184EF50FFBC480289A1A576F /* TodoListViewModel.swift */; };
		9A9D5B70AA1F4C0D557AC779 /* ContentView.swift in Sources */ = {isa = PBXBuildFile; fileRef = 36D2AC4454BAD2C639735A08 /* ContentView.swift */; };
		A592D96252DB1AB80B45881F /* Assets.xcassets in Resources */ = {isa = PBXBuildFile; fileRef = 0F920AA64FB60CF7CBE3EA7E /* Assets.xcassets */; };
		AD17350AF433EA435D9A53E8 /* TodoStorageService.swift in Sources */ = {isa = PBXBuildFile; fileRef = 84D31E602374EBAB8BF355FC /* TodoStorageService.swift */; };
/* End PBXBuildFile section */

/* Begin PBXFileReference section */
		0F920AA64FB60CF7CBE3EA7E /* Assets.xcassets */ = {isa = PBXFileReference; lastKnownFileType = folder.assetcatalog; path = Assets.xcassets; sourceTree = "<group>"; };
		184EF50FFBC480289A1A576F /* TodoListViewModel.swift */ = {isa = PBXFileReference; lastKnownFileType = sourcecode.swift; path = TodoListViewModel.swift; sourceTree = "<group>"; };
		25622F7963830391556099A2 /* Todo.swift */ = {isa = PBXFileReference; lastKnownFileType = sourcecode.swift; path = Todo.swift; sourceTree = "<group>"; };
		36D2AC4454BAD2C639735A08 /* ContentView.swift */ = {isa = PBXFileReference; lastKnownFileType = sourcecode.swift; path = ContentView.swift; sourceTree = "<group>"; };
		776C50F9BCFA6AC87A8BD324 /* project.yml */ = {isa = PBXFileReference; lastKnownFileType = text.yaml; path = project.yml; sourceTree = "<group>"; };
		7A4630E44EC8B63A3D2177F6 /* TodoListApp.swift */ = {isa = PBXFileReference; lastKnownFileType = sourcecode.swift; path = TodoListApp.swift; sourceTree = "<group>"; };
		84D31E602374EBAB8BF355FC /* TodoStorageService.swift */ = {isa = PBXFileReference; lastKnownFileType = sourcecode.swift; path = TodoStorageService.swift; sourceTree = "<group>"; };
		9613FA71B6A3CAD5E8423EA7 /* TodoList.app */ = {isa = PBXFileReference; explicitFileType = wrapper.application; includeInIndex = 0; path = TodoList.app; sourceTree = BUILT_PRODUCTS_DIR; };
/* End PBXFileReference section */

/* Begin PBXGroup section */
		2862FC6E3A2467924BF07251 /* Products */ = {
			isa = PBXGroup;
			children = (
				9613FA71B6A3CAD5E8423EA7 /* TodoList.app */,
			);
			name = Products;
			sourceTree = "<group>";
		};
		31C0452505FD850045EE44E7 = {
			isa = PBXGroup;
			children = (
				943CB9B28542265ED3C56094 /* Models */,
				E59C592A583EA4EBEB46A363 /* Services */,
				9C6290269094F66C8737EFCD /* todolist_swift */,
				D01A11EDA1A0F3C184D14DAF /* ViewModels */,
				32756EC14BB1BADD70682464 /* Views */,
				2862FC6E3A2467924BF07251 /* Products */,
			);
			sourceTree = "<group>";
		};
		32756EC14BB1BADD70682464 /* Views */ = {
			isa = PBXGroup;
			children = (
				36D2AC4454BAD2C639735A08 /* ContentView.swift */,
			);
			path = Views;
			sourceTree = "<group>";
		};
		943CB9B28542265ED3C56094 /* Models */ = {
			isa = PBXGroup;
			children = (
				25622F7963830391556099A2 /* Todo.swift */,
			);
			path = Models;
			sourceTree = "<group>";
		};
		9C6290269094F66C8737EFCD /* todolist_swift */ = {
			isa = PBXGroup;
			children = (
				0F920AA64FB60CF7CBE3EA7E /* Assets.xcassets */,
				776C50F9BCFA6AC87A8BD324 /* project.yml */,
				7A4630E44EC8B63A3D2177F6 /* TodoListApp.swift */,
				943CB9B28542265ED3C56094 /* Models */,
				E59C592A583EA4EBEB46A363 /* Services */,
				D01A11EDA1A0F3C184D14DAF /* ViewModels */,
				32756EC14BB1BADD70682464 /* Views */,
			);
			name = todolist_swift;
			path = .;
			sourceTree = "<group>";
		};
		D01A11EDA1A0F3C184D14DAF /* ViewModels */ = {
			isa = PBXGroup;
			children = (
				184EF50FFBC480289A1A576F /* TodoListViewModel.swift */,
			);
			path = ViewModels;
			sourceTree = "<group>";
		};
		E59C592A583EA4EBEB46A363 /* Services */ = {
			isa = PBXGroup;
			children = (
				84D31E602374EBAB8BF355FC /* TodoStorageService.swift */,
			);
			path = Services;
			sourceTree = "<group>";
		};
/* End PBXGroup section */

/* Begin PBXNativeTarget section */
		AEC546A4D2B2BCF032EBAD3B /* TodoList */ = {
			isa = PBXNativeTarget;
			buildConfigurationList = DA670E2185CE0A118A983A42 /* Build configuration list for PBXNativeTarget "TodoList" */;
			buildPhases = (
				1C95EA3F040D70A788ED6861 /* Sources */,
				139C160D2AFF4DCC9F45EEAB /* Resources */,
			);
			buildRules = (
			);
			dependencies = (
			);
			name = TodoList;
			packageProductDependencies = (
			);
			productName = TodoList;
			productReference = 9613FA71B6A3CAD5E8423EA7 /* TodoList.app */;
			productType = "com.apple.product-type.application";
		};
/* End PBXNativeTarget section */

/* Begin PBXProject section */
		CE603020A3A7FB27B6C92B60 /* Project object */ = {
			isa = PBXProject;
			attributes = {
				BuildIndependentTargetsInParallel = YES;
				LastUpgradeCheck = 1500;
			};
			buildConfigurationList = 7919F6319AC18E787B075F02 /* Build configuration list for PBXProject "TodoList" */;
			compatibilityVersion = "Xcode 14.0";
			developmentRegion = en;
			hasScannedForEncodings = 0;
			knownRegions = (
				Base,
				en,
			);
			mainGroup = 31C0452505FD850045EE44E7;
			minimizedProjectReferenceProxies = 1;
			preferredProjectObjectVersion = 77;
			projectDirPath = "";
			projectRoot = "";
			targets = (
				AEC546A4D2B2BCF032EBAD3B /* TodoList */,
			);
		};
/* End PBXProject section */

/* Begin PBXResourcesBuildPhase section */
		139C160D2AFF4DCC9F45EEAB /* Resources */ = {
			isa = PBXResourcesBuildPhase;
			buildActionMask = 2147483647;
			files = (
				A592D96252DB1AB80B45881F /* Assets.xcassets in Resources */,
				48424FEF30F4F42A188E49B4 /* project.yml in Resources */,
			);
			runOnlyForDeploymentPostprocessing = 0;
		};
/* End PBXResourcesBuildPhase section */

/* Begin PBXSourcesBuildPhase section */
		1C95EA3F040D70A788ED6861 /* Sources */ = {
			isa = PBXSourcesBuildPhase;
			buildActionMask = 2147483647;
			files = (
				9A9D5B70AA1F4C0D557AC779 /* ContentView.swift in Sources */,
				32852FEADF534EDD8FAD0F1E /* Todo.swift in Sources */,
				501B0995E679DCE7D830590D /* TodoListApp.swift in Sources */,
				68435112D8EEF8EFE7162BDE /* TodoListViewModel.swift in Sources */,
				AD17350AF433EA435D9A53E8 /* TodoStorageService.swift in Sources */,
			);
			runOnlyForDeploymentPostprocessing = 0;
		};
/* End PBXSourcesBuildPhase section */

/* Begin XCBuildConfiguration section */
		3A8A80BABE9C6AC1AE39E6DB /* Debug */ = {
			isa = XCBuildConfiguration;
			buildSettings = {
				ASSETCATALOG_COMPILER_APPICON_NAME = AppIcon;
				COMBINE_HIDPI_IMAGES = YES;
				CURRENT_PROJECT_VERSION = 1;
				ENABLE_HARDENED_RUNTIME = NO;
				GENERATE_INFOPLIST_FILE = YES;
				INFOPLIST_KEY_CFBundleDisplayName = TodoList;
				INFOPLIST_KEY_NSHumanReadableCopyright = "";
				LD_RUNPATH_SEARCH_PATHS = (
					"$(inherited)",
					"@executable_path/../Frameworks",
				);
				MARKETING_VERSION = 1.0.0;
				PRODUCT_BUNDLE_IDENTIFIER = com.todolist.app;
				PRODUCT_NAME = TodoList;
				SDKROOT = macosx;
				SWIFT_EMIT_LOC_STRINGS = YES;
			};
			name = Debug;
		};
		8BC66115358F27485FA82E55 /* Release */ = {
			isa = XCBuildConfiguration;
			buildSettings = {
				ASSETCATALOG_COMPILER_APPICON_NAME = AppIcon;
				COMBINE_HIDPI_IMAGES = YES;
				CURRENT_PROJECT_VERSION = 1;
				ENABLE_HARDENED_RUNTIME = NO;
				GENERATE_INFOPLIST_FILE = YES;
				INFOPLIST_KEY_CFBundleDisplayName = TodoList;
				INFOPLIST_KEY_NSHumanReadableCopyright = "";
				LD_RUNPATH_SEARCH_PATHS = (
					"$(inherited)",
					"@executable_path/../Frameworks",
				);
				MARKETING_VERSION = 1.0.0;
				PRODUCT_BUNDLE_IDENTIFIER = com.todolist.app;
				PRODUCT_NAME = TodoList;
				SDKROOT = macosx;
				SWIFT_EMIT_LOC_STRINGS = YES;
			};
			name = Release;
		};
		B92F771EC3AE4C3269243AD2 /* Release */ = {
			isa = XCBuildConfiguration;
			buildSettings = {
				ALWAYS_SEARCH_USER_PATHS = NO;
				CLANG_ANALYZER_NONNULL = YES;
				CLANG_ANALYZER_NUMBER_OBJECT_CONVERSION = YES_AGGRESSIVE;
				CLANG_CXX_LANGUAGE_STANDARD = "gnu++14";
				CLANG_CXX_LIBRARY = "libc++";
				CLANG_ENABLE_MODULES = YES;
				CLANG_ENABLE_OBJC_ARC = YES;
				CLANG_ENABLE_OBJC_WEAK = YES;
				CLANG_WARN_BLOCK_CAPTURE_AUTORELEASING = YES;
				CLANG_WARN_BOOL_CONVERSION = YES;
				CLANG_WARN_COMMA = YES;
				CLANG_WARN_CONSTANT_CONVERSION = YES;
				CLANG_WARN_DEPRECATED_OBJC_IMPLEMENTATIONS = YES;
				CLANG_WARN_DIRECT_OBJC_ISA_USAGE = YES_ERROR;
				CLANG_WARN_DOCUMENTATION_COMMENTS = YES;
				CLANG_WARN_EMPTY_BODY = YES;
				CLANG_WARN_ENUM_CONVERSION = YES;
				CLANG_WARN_INFINITE_RECURSION = YES;
				CLANG_WARN_INT_CONVERSION = YES;
				CLANG_WARN_NON_LITERAL_NULL_CONVERSION = YES;
				CLANG_WARN_OBJC_IMPLICIT_RETAIN_SELF = YES;
				CLANG_WARN_OBJC_LITERAL_CONVERSION = YES;
				CLANG_WARN_OBJC_ROOT_CLASS = YES_ERROR;
				CLANG_WARN_QUOTED_INCLUDE_IN_FRAMEWORK_HEADER = YES;
				CLANG_WARN_RANGE_LOOP_ANALYSIS = YES;
				CLANG_WARN_STRICT_PROTOTYPES = YES;
				CLANG_WARN_SUSPICIOUS_MOVE = YES;
				CLANG_WARN_UNGUARDED_AVAILABILITY = YES_AGGRESSIVE;
				CLANG_WARN_UNREACHABLE_CODE = YES;
				CLANG_WARN__DUPLICATE_METHOD_MATCH = YES;
				COPY_PHASE_STRIP = NO;
				DEBUG_INFORMATION_FORMAT = "dwarf-with-dsym";
				ENABLE_NS_ASSERTIONS = NO;
				ENABLE_STRICT_OBJC_MSGSEND = YES;
				GCC_C_LANGUAGE_STANDARD = gnu11;
				GCC_NO_COMMON_BLOCKS = YES;
				GCC_WARN_64_TO_32_BIT_CONVERSION = YES;
				GCC_WARN_ABOUT_RETURN_TYPE = YES_ERROR;
				GCC_WARN_UNDECLARED_SELECTOR = YES;
				GCC_WARN_UNINITIALIZED_AUTOS = YES_AGGRESSIVE;
				GCC_WARN_UNUSED_FUNCTION = YES;
				GCC_WARN_UNUSED_VARIABLE = YES;
				MACOSX_DEPLOYMENT_TARGET = 13.0;
				MTL_ENABLE_DEBUG_INFO = NO;
				MTL_FAST_MATH = YES;
				PRODUCT_NAME = "$(TARGET_NAME)";
				SDKROOT = macosx;
				SWIFT_COMPILATION_MODE = wholemodule;
				SWIFT_OPTIMIZATION_LEVEL = "-O";
				SWIFT_VERSION = 5.9;
			};
			name = Release;
		};
		F0F8D530408AE621A9750A7D /* Debug */ = {
			isa = XCBuildConfiguration;
			buildSettings = {
				ALWAYS_SEARCH_USER_PATHS = NO;
				CLANG_ANALYZER_NONNULL = YES;
				CLANG_ANALYZER_NUMBER_OBJECT_CONVERSION = YES_AGGRESSIVE;
				CLANG_CXX_LANGUAGE_STANDARD = "gnu++14";
				CLANG_CXX_LIBRARY = "libc++";
				CLANG_ENABLE_MODULES = YES;
				CLANG_ENABLE_OBJC_ARC = YES;
				CLANG_ENABLE_OBJC_WEAK = YES;
				CLANG_WARN_BLOCK_CAPTURE_AUTORELEASING = YES;
				CLANG_WARN_BOOL_CONVERSION = YES;
				CLANG_WARN_COMMA = YES;
				CLANG_WARN_CONSTANT_CONVERSION = YES;
				CLANG_WARN_DEPRECATED_OBJC_IMPLEMENTATIONS = YES;
				CLANG_WARN_DIRECT_OBJC_ISA_USAGE = YES_ERROR;
				CLANG_WARN_DOCUMENTATION_COMMENTS = YES;
				CLANG_WARN_EMPTY_BODY = YES;
				CLANG_WARN_ENUM_CONVERSION = YES;
				CLANG_WARN_INFINITE_RECURSION = YES;
				CLANG_WARN_INT_CONVERSION = YES;
				CLANG_WARN_NON_LITERAL_NULL_CONVERSION = YES;
				CLANG_WARN_OBJC_IMPLICIT_RETAIN_SELF = YES;
				CLANG_WARN_OBJC_LITERAL_CONVERSION = YES;
				CLANG_WARN_OBJC_ROOT_CLASS = YES_ERROR;
				CLANG_WARN_QUOTED_INCLUDE_IN_FRAMEWORK_HEADER = YES;
				CLANG_WARN_RANGE_LOOP_ANALYSIS = YES;
				CLANG_WARN_STRICT_PROTOTYPES = YES;
				CLANG_WARN_SUSPICIOUS_MOVE = YES;
				CLANG_WARN_UNGUARDED_AVAILABILITY = YES_AGGRESSIVE;
				CLANG_WARN_UNREACHABLE_CODE = YES;
				CLANG_WARN__DUPLICATE_METHOD_MATCH = YES;
				COPY_PHASE_STRIP = NO;
				DEBUG_INFORMATION_FORMAT = dwarf;
				ENABLE_STRICT_OBJC_MSGSEND = YES;
				ENABLE_TESTABILITY = YES;
				GCC_C_LANGUAGE_STANDARD = gnu11;
				GCC_DYNAMIC_NO_PIC = NO;
				GCC_NO_COMMON_BLOCKS = YES;
				GCC_OPTIMIZATION_LEVEL = 0;
				GCC_PREPROCESSOR_DEFINITIONS = (
					"$(inherited)",
					"DEBUG=1",
				);
				GCC_WARN_64_TO_32_BIT_CONVERSION = YES;
				GCC_WARN_ABOUT_RETURN_TYPE = YES_ERROR;
				GCC_WARN_UNDECLARED_SELECTOR = YES;
				GCC_WARN_UNINITIALIZED_AUTOS = YES_AGGRESSIVE;
				GCC_WARN_UNUSED_FUNCTION = YES;
				GCC_WARN_UNUSED_VARIABLE = YES;
				MACOSX_DEPLOYMENT_TARGET = 13.0;
				MTL_ENABLE_DEBUG_INFO = INCLUDE_SOURCE;
				MTL_FAST_MATH = YES;
				ONLY_ACTIVE_ARCH = YES;
				PRODUCT_NAME = "$(TARGET_NAME)";
				SDKROOT = macosx;
				SWIFT_ACTIVE_COMPILATION_CONDITIONS = DEBUG;
				SWIFT_OPTIMIZATION_LEVEL = "-Onone";
				SWIFT_VERSION = 5.9;
			};
			name = Debug;
		};
/* End XCBuildConfiguration section */

/* Begin XCConfigurationList section */
		7919F6319AC18E787B075F02 /* Build configuration list for PBXProject "TodoList" */ = {
			isa = XCConfigurationList;
			buildConfigurations = (
				F0F8D530408AE621A9750A7D /* Debug */,
				B92F771EC3AE4C3269243AD2 /* Release */,
			);
			defaultConfigurationIsVisible = 0;
			defaultConfigurationName = Debug;
		};
		DA670E2185CE0A118A983A42 /* Build configuration list for PBXNativeTarget "TodoList" */ = {
			isa = XCConfigurationList;
			buildConfigurations = (
				3A8A80BABE9C6AC1AE39E6DB /* Debug */,
				8BC66115358F27485FA82E55 /* Release */,
			);
			defaultConfigurationIsVisible = 0;
			defaultConfigurationName = Debug;
		};
/* End XCConfigurationList section */
	};
	rootObject = CE603020A3A7FB27B6C92B60 /* Project object */;
}
